// !$*UTF8*$!
{
	archiveVersion = 1;
	classes = {
	};
	objectVersion = 56;
	objects = {

/* Begin PBXBuildFile section */
		79F0FE152A653555000FE9BE /* DemoApp.swift in Sources */ = {isa = PBXBuildFile; fileRef = 79F0FE142A653555000FE9BE /* DemoApp.swift */; };
		79F0FE192A653557000FE9BE /* Assets.xcassets in Resources */ = {isa = PBXBuildFile; fileRef = 79F0FE182A653557000FE9BE /* Assets.xcassets */; };
		79F0FE1C2A653557000FE9BE /* Preview Assets.xcassets in Resources */ = {isa = PBXBuildFile; fileRef = 79F0FE1B2A653557000FE9BE /* Preview Assets.xcassets */; };
		79F0FE262A653557000FE9BE /* DemoTests.swift in Sources */ = {isa = PBXBuildFile; fileRef = 79F0FE252A653557000FE9BE /* DemoTests.swift */; };
		79F0FE302A653557000FE9BE /* DemoUITests.swift in Sources */ = {isa = PBXBuildFile; fileRef = 79F0FE2F2A653557000FE9BE /* DemoUITests.swift */; };
		79F0FE322A653557000FE9BE /* DemoUITestsLaunchTests.swift in Sources */ = {isa = PBXBuildFile; fileRef = 79F0FE312A653557000FE9BE /* DemoUITestsLaunchTests.swift */; };
		79F0FE462A653BD9000FE9BE /* Store.swift in Sources */ = {isa = PBXBuildFile; fileRef = 79F0FE452A653BD9000FE9BE /* Store.swift */; };
		79F0FE492A653E88000FE9BE /* Reducer.swift in Sources */ = {isa = PBXBuildFile; fileRef = 79F0FE482A653E88000FE9BE /* Reducer.swift */; };
		79F0FE4C2A653FCD000FE9BE /* Middleware.swift in Sources */ = {isa = PBXBuildFile; fileRef = 79F0FE4B2A653FCD000FE9BE /* Middleware.swift */; };
		79F0FE502A6563B7000FE9BE /* Item.swift in Sources */ = {isa = PBXBuildFile; fileRef = 79F0FE4F2A6563B7000FE9BE /* Item.swift */; };
		79F0FE522A656B12000FE9BE /* Launch Screen.storyboard in Resources */ = {isa = PBXBuildFile; fileRef = 79F0FE512A656B12000FE9BE /* Launch Screen.storyboard */; };
		79F0FE552A65816E000FE9BE /* HomeView.swift in Sources */ = {isa = PBXBuildFile; fileRef = 79F0FE542A65816E000FE9BE /* HomeView.swift */; };
		79F0FE572A658DEB000FE9BE /* ItemView.swift in Sources */ = {isa = PBXBuildFile; fileRef = 79F0FE562A658DEB000FE9BE /* ItemView.swift */; };
		79F0FE5A2A6597E0000FE9BE /* HomeState.swift in Sources */ = {isa = PBXBuildFile; fileRef = 79F0FE592A6597E0000FE9BE /* HomeState.swift */; };
		79F0FE5D2A65984B000FE9BE /* HomeReducer.swift in Sources */ = {isa = PBXBuildFile; fileRef = 79F0FE5C2A65984B000FE9BE /* HomeReducer.swift */; };
		79F0FE602A659895000FE9BE /* HomeStore.swift in Sources */ = {isa = PBXBuildFile; fileRef = 79F0FE5F2A659895000FE9BE /* HomeStore.swift */; };
		79F0FE632A6598D7000FE9BE /* HomeAction.swift in Sources */ = {isa = PBXBuildFile; fileRef = 79F0FE622A6598D7000FE9BE /* HomeAction.swift */; };
		79F0FE662A659F8A000FE9BE /* HomeAPIMiddleware.swift in Sources */ = {isa = PBXBuildFile; fileRef = 79F0FE652A659F8A000FE9BE /* HomeAPIMiddleware.swift */; };
		79F0FE692A65A1DB000FE9BE /* HomeAPIRepository.swift in Sources */ = {isa = PBXBuildFile; fileRef = 79F0FE682A65A1DB000FE9BE /* HomeAPIRepository.swift */; };
		79F0FE6C2A65A42C000FE9BE /* items.json in Resources */ = {isa = PBXBuildFile; fileRef = 79F0FE6B2A65A42C000FE9BE /* items.json */; };
		79F0FE6E2A65B0EF000FE9BE /* DetailView.swift in Sources */ = {isa = PBXBuildFile; fileRef = 79F0FE6D2A65B0EF000FE9BE /* DetailView.swift */; };
		79F0FE722A65DB62000FE9BE /* Localizable.strings in Resources */ = {isa = PBXBuildFile; fileRef = 79F0FE742A65DB62000FE9BE /* Localizable.strings */; };
		79F0FE782A6644E1000FE9BE /* HomeStoreTest.swift in Sources */ = {isa = PBXBuildFile; fileRef = 79F0FE772A6644E1000FE9BE /* HomeStoreTest.swift */; };
		79F0FE7A2A664A84000FE9BE /* ActivityIndicator.swift in Sources */ = {isa = PBXBuildFile; fileRef = 79F0FE792A664A84000FE9BE /* ActivityIndicator.swift */; };
/* End PBXBuildFile section */

/* Begin PBXContainerItemProxy section */
		79F0FE222A653557000FE9BE /* PBXContainerItemProxy */ = {
			isa = PBXContainerItemProxy;
			containerPortal = 79F0FE092A653555000FE9BE /* Project object */;
			proxyType = 1;
			remoteGlobalIDString = 79F0FE102A653555000FE9BE;
			remoteInfo = Demo;
		};
		79F0FE2C2A653557000FE9BE /* PBXContainerItemProxy */ = {
			isa = PBXContainerItemProxy;
			containerPortal = 79F0FE092A653555000FE9BE /* Project object */;
			proxyType = 1;
			remoteGlobalIDString = 79F0FE102A653555000FE9BE;
			remoteInfo = Demo;
		};
/* End PBXContainerItemProxy section */

/* Begin PBXFileReference section */
		79F0FE112A653555000FE9BE /* Demo.app */ = {isa = PBXFileReference; explicitFileType = wrapper.application; includeInIndex = 0; path = Demo.app; sourceTree = BUILT_PRODUCTS_DIR; };
		79F0FE142A653555000FE9BE /* DemoApp.swift */ = {isa = PBXFileReference; lastKnownFileType = sourcecode.swift; path = DemoApp.swift; sourceTree = "<group>"; };
		79F0FE182A653557000FE9BE /* Assets.xcassets */ = {isa = PBXFileReference; lastKnownFileType = folder.assetcatalog; path = Assets.xcassets; sourceTree = "<group>"; };
		79F0FE1B2A653557000FE9BE /* Preview Assets.xcassets */ = {isa = PBXFileReference; lastKnownFileType = folder.assetcatalog; path = "Preview Assets.xcassets"; sourceTree = "<group>"; };
		79F0FE212A653557000FE9BE /* DemoTests.xctest */ = {isa = PBXFileReference; explicitFileType = wrapper.cfbundle; includeInIndex = 0; path = DemoTests.xctest; sourceTree = BUILT_PRODUCTS_DIR; };
		79F0FE252A653557000FE9BE /* DemoTests.swift */ = {isa = PBXFileReference; lastKnownFileType = sourcecode.swift; path = DemoTests.swift; sourceTree = "<group>"; };
		79F0FE2B2A653557000FE9BE /* DemoUITests.xctest */ = {isa = PBXFileReference; explicitFileType = wrapper.cfbundle; includeInIndex = 0; path = DemoUITests.xctest; sourceTree = BUILT_PRODUCTS_DIR; };
		79F0FE2F2A653557000FE9BE /* DemoUITests.swift */ = {isa = PBXFileReference; lastKnownFileType = sourcecode.swift; path = DemoUITests.swift; sourceTree = "<group>"; };
		79F0FE312A653557000FE9BE /* DemoUITestsLaunchTests.swift */ = {isa = PBXFileReference; lastKnownFileType = sourcecode.swift; path = DemoUITestsLaunchTests.swift; sourceTree = "<group>"; };
		79F0FE452A653BD9000FE9BE /* Store.swift */ = {isa = PBXFileReference; lastKnownFileType = sourcecode.swift; path = Store.swift; sourceTree = "<group>"; };
		79F0FE482A653E88000FE9BE /* Reducer.swift */ = {isa = PBXFileReference; lastKnownFileType = sourcecode.swift; path = Reducer.swift; sourceTree = "<group>"; };
		79F0FE4B2A653FCD000FE9BE /* Middleware.swift */ = {isa = PBXFileReference; lastKnownFileType = sourcecode.swift; path = Middleware.swift; sourceTree = "<group>"; };
		79F0FE4F2A6563B7000FE9BE /* Item.swift */ = {isa = PBXFileReference; lastKnownFileType = sourcecode.swift; path = Item.swift; sourceTree = "<group>"; };
		79F0FE512A656B12000FE9BE /* Launch Screen.storyboard */ = {isa = PBXFileReference; lastKnownFileType = file.storyboard; path = "Launch Screen.storyboard"; sourceTree = "<group>"; };
		79F0FE542A65816E000FE9BE /* HomeView.swift */ = {isa = PBXFileReference; lastKnownFileType = sourcecode.swift; path = HomeView.swift; sourceTree = "<group>"; };
		79F0FE562A658DEB000FE9BE /* ItemView.swift */ = {isa = PBXFileReference; lastKnownFileType = sourcecode.swift; path = ItemView.swift; sourceTree = "<group>"; };
		79F0FE592A6597E0000FE9BE /* HomeState.swift */ = {isa = PBXFileReference; lastKnownFileType = sourcecode.swift; path = HomeState.swift; sourceTree = "<group>"; };
		79F0FE5C2A65984B000FE9BE /* HomeReducer.swift */ = {isa = PBXFileReference; lastKnownFileType = sourcecode.swift; path = HomeReducer.swift; sourceTree = "<group>"; };
		79F0FE5F2A659895000FE9BE /* HomeStore.swift */ = {isa = PBXFileReference; lastKnownFileType = sourcecode.swift; path = HomeStore.swift; sourceTree = "<group>"; };
		79F0FE622A6598D7000FE9BE /* HomeAction.swift */ = {isa = PBXFileReference; lastKnownFileType = sourcecode.swift; path = HomeAction.swift; sourceTree = "<group>"; };
		79F0FE652A659F8A000FE9BE /* HomeAPIMiddleware.swift */ = {isa = PBXFileReference; lastKnownFileType = sourcecode.swift; path = HomeAPIMiddleware.swift; sourceTree = "<group>"; };
		79F0FE682A65A1DB000FE9BE /* HomeAPIRepository.swift */ = {isa = PBXFileReference; lastKnownFileType = sourcecode.swift; path = HomeAPIRepository.swift; sourceTree = "<group>"; };
		79F0FE6B2A65A42C000FE9BE /* items.json */ = {isa = PBXFileReference; fileEncoding = 4; lastKnownFileType = text.json; path = items.json; sourceTree = "<group>"; };
		79F0FE6D2A65B0EF000FE9BE /* DetailView.swift */ = {isa = PBXFileReference; lastKnownFileType = sourcecode.swift; path = DetailView.swift; sourceTree = "<group>"; };
		79F0FE732A65DB62000FE9BE /* en */ = {isa = PBXFileReference; lastKnownFileType = text.plist.strings; name = en; path = en.lproj/Localizable.strings; sourceTree = "<group>"; };
		79F0FE752A65DB68000FE9BE /* ja */ = {isa = PBXFileReference; lastKnownFileType = text.plist.strings; name = ja; path = ja.lproj/Localizable.strings; sourceTree = "<group>"; };
		79F0FE772A6644E1000FE9BE /* HomeStoreTest.swift */ = {isa = PBXFileReference; lastKnownFileType = sourcecode.swift; path = HomeStoreTest.swift; sourceTree = "<group>"; };
		79F0FE792A664A84000FE9BE /* ActivityIndicator.swift */ = {isa = PBXFileReference; lastKnownFileType = sourcecode.swift; path = ActivityIndicator.swift; sourceTree = "<group>"; };
/* End PBXFileReference section */

/* Begin PBXFrameworksBuildPhase section */
		79F0FE0E2A653555000FE9BE /* Frameworks */ = {
			isa = PBXFrameworksBuildPhase;
			buildActionMask = 2147483647;
			files = (
			);
			runOnlyForDeploymentPostprocessing = 0;
		};
		79F0FE1E2A653557000FE9BE /* Frameworks */ = {
			isa = PBXFrameworksBuildPhase;
			buildActionMask = 2147483647;
			files = (
			);
			runOnlyForDeploymentPostprocessing = 0;
		};
		79F0FE282A653557000FE9BE /* Frameworks */ = {
			isa = PBXFrameworksBuildPhase;
			buildActionMask = 2147483647;
			files = (
			);
			runOnlyForDeploymentPostprocessing = 0;
		};
/* End PBXFrameworksBuildPhase section */

/* Begin PBXGroup section */
		79F0FE082A653555000FE9BE = {
			isa = PBXGroup;
			children = (
				79F0FE132A653555000FE9BE /* Demo */,
				79F0FE242A653557000FE9BE /* DemoTests */,
				79F0FE2E2A653557000FE9BE /* DemoUITests */,
				79F0FE122A653555000FE9BE /* Products */,
			);
			sourceTree = "<group>";
		};
		79F0FE122A653555000FE9BE /* Products */ = {
			isa = PBXGroup;
			children = (
				79F0FE112A653555000FE9BE /* Demo.app */,
				79F0FE212A653557000FE9BE /* DemoTests.xctest */,
				79F0FE2B2A653557000FE9BE /* DemoUITests.xctest */,
			);
			name = Products;
			sourceTree = "<group>";
		};
		79F0FE132A653555000FE9BE /* Demo */ = {
			isa = PBXGroup;
			children = (
				79F0FE6A2A65A302000FE9BE /* Resources */,
				79F0FE672A65A121000FE9BE /* Repository */,
				79F0FE642A659BCE000FE9BE /* Middleware */,
				79F0FE612A6598CC000FE9BE /* Action */,
				79F0FE5E2A659853000FE9BE /* Store */,
				79F0FE5B2A659831000FE9BE /* Reducer */,
				79F0FE582A65979E000FE9BE /* State */,
				79F0FE532A658127000FE9BE /* View */,
				79F0FE3E2A6539EC000FE9BE /* Core */,
				79F0FE4D2A6562E8000FE9BE /* Model */,
				79F0FE142A653555000FE9BE /* DemoApp.swift */,
				79F0FE1A2A653557000FE9BE /* Preview Content */,
				79F0FE512A656B12000FE9BE /* Launch Screen.storyboard */,
			);
			path = Demo;
			sourceTree = "<group>";
		};
		79F0FE1A2A653557000FE9BE /* Preview Content */ = {
			isa = PBXGroup;
			children = (
				79F0FE1B2A653557000FE9BE /* Preview Assets.xcassets */,
			);
			path = "Preview Content";
			sourceTree = "<group>";
		};
		79F0FE242A653557000FE9BE /* DemoTests */ = {
			isa = PBXGroup;
			children = (
				79F0FE252A653557000FE9BE /* DemoTests.swift */,
				79F0FE772A6644E1000FE9BE /* HomeStoreTest.swift */,
			);
			path = DemoTests;
			sourceTree = "<group>";
		};
		79F0FE2E2A653557000FE9BE /* DemoUITests */ = {
			isa = PBXGroup;
			children = (
				79F0FE2F2A653557000FE9BE /* DemoUITests.swift */,
				79F0FE312A653557000FE9BE /* DemoUITestsLaunchTests.swift */,
			);
			path = DemoUITests;
			sourceTree = "<group>";
		};
		79F0FE3E2A6539EC000FE9BE /* Core */ = {
			isa = PBXGroup;
			children = (
				79F0FE4A2A653FBF000FE9BE /* Middleware */,
				79F0FE472A653E65000FE9BE /* Reducer */,
				79F0FE442A653BCD000FE9BE /* Store */,
			);
			path = Core;
			sourceTree = "<group>";
		};
		79F0FE442A653BCD000FE9BE /* Store */ = {
			isa = PBXGroup;
			children = (
				79F0FE452A653BD9000FE9BE /* Store.swift */,
			);
			path = Store;
			sourceTree = "<group>";
		};
		79F0FE472A653E65000FE9BE /* Reducer */ = {
			isa = PBXGroup;
			children = (
				79F0FE482A653E88000FE9BE /* Reducer.swift */,
			);
			path = Reducer;
			sourceTree = "<group>";
		};
		79F0FE4A2A653FBF000FE9BE /* Middleware */ = {
			isa = PBXGroup;
			children = (
				79F0FE4B2A653FCD000FE9BE /* Middleware.swift */,
			);
			path = Middleware;
			sourceTree = "<group>";
		};
		79F0FE4D2A6562E8000FE9BE /* Model */ = {
			isa = PBXGroup;
			children = (
				79F0FE4F2A6563B7000FE9BE /* Item.swift */,
			);
			path = Model;
			sourceTree = "<group>";
		};
		79F0FE532A658127000FE9BE /* View */ = {
			isa = PBXGroup;
			children = (
				79F0FE542A65816E000FE9BE /* HomeView.swift */,
				79F0FE562A658DEB000FE9BE /* ItemView.swift */,
				79F0FE6D2A65B0EF000FE9BE /* DetailView.swift */,
				79F0FE792A664A84000FE9BE /* ActivityIndicator.swift */,
			);
			path = View;
			sourceTree = "<group>";
		};
		79F0FE582A65979E000FE9BE /* State */ = {
			isa = PBXGroup;
			children = (
				79F0FE592A6597E0000FE9BE /* HomeState.swift */,
			);
			path = State;
			sourceTree = "<group>";
		};
		79F0FE5B2A659831000FE9BE /* Reducer */ = {
			isa = PBXGroup;
			children = (
				79F0FE5C2A65984B000FE9BE /* HomeReducer.swift */,
			);
			path = Reducer;
			sourceTree = "<group>";
		};
		79F0FE5E2A659853000FE9BE /* Store */ = {
			isa = PBXGroup;
			children = (
				79F0FE5F2A659895000FE9BE /* HomeStore.swift */,
			);
			path = Store;
			sourceTree = "<group>";
		};
		79F0FE612A6598CC000FE9BE /* Action */ = {
			isa = PBXGroup;
			children = (
				79F0FE622A6598D7000FE9BE /* HomeAction.swift */,
			);
			path = Action;
			sourceTree = "<group>";
		};
		79F0FE642A659BCE000FE9BE /* Middleware */ = {
			isa = PBXGroup;
			children = (
				79F0FE652A659F8A000FE9BE /* HomeAPIMiddleware.swift */,
			);
			path = Middleware;
			sourceTree = "<group>";
		};
		79F0FE672A65A121000FE9BE /* Repository */ = {
			isa = PBXGroup;
			children = (
				79F0FE682A65A1DB000FE9BE /* HomeAPIRepository.swift */,
			);
			path = Repository;
			sourceTree = "<group>";
		};
		79F0FE6A2A65A302000FE9BE /* Resources */ = {
			isa = PBXGroup;
			children = (
				79F0FE6F2A65DB3A000FE9BE /* i18n */,
				79F0FE6B2A65A42C000FE9BE /* items.json */,
				79F0FE182A653557000FE9BE /* Assets.xcassets */,
			);
			path = Resources;
			sourceTree = "<group>";
		};
		79F0FE6F2A65DB3A000FE9BE /* i18n */ = {
			isa = PBXGroup;
			children = (
				79F0FE742A65DB62000FE9BE /* Localizable.strings */,
			);
			path = i18n;
			sourceTree = "<group>";
		};
/* End PBXGroup section */

/* Begin PBXNativeTarget section */
		79F0FE102A653555000FE9BE /* Demo */ = {
			isa = PBXNativeTarget;
			buildConfigurationList = 79F0FE352A653557000FE9BE /* Build configuration list for PBXNativeTarget "Demo" */;
			buildPhases = (
				79F0FE0D2A653555000FE9BE /* Sources */,
				79F0FE0E2A653555000FE9BE /* Frameworks */,
				79F0FE0F2A653555000FE9BE /* Resources */,
			);
			buildRules = (
			);
			dependencies = (
			);
			name = Demo;
			productName = Demo;
			productReference = 79F0FE112A653555000FE9BE /* Demo.app */;
			productType = "com.apple.product-type.application";
		};
		79F0FE202A653557000FE9BE /* DemoTests */ = {
			isa = PBXNativeTarget;
			buildConfigurationList = 79F0FE382A653557000FE9BE /* Build configuration list for PBXNativeTarget "DemoTests" */;
			buildPhases = (
				79F0FE1D2A653557000FE9BE /* Sources */,
				79F0FE1E2A653557000FE9BE /* Frameworks */,
				79F0FE1F2A653557000FE9BE /* Resources */,
			);
			buildRules = (
			);
			dependencies = (
				79F0FE232A653557000FE9BE /* PBXTargetDependency */,
			);
			name = DemoTests;
			productName = DemoTests;
			productReference = 79F0FE212A653557000FE9BE /* DemoTests.xctest */;
			productType = "com.apple.product-type.bundle.unit-test";
		};
		79F0FE2A2A653557000FE9BE /* DemoUITests */ = {
			isa = PBXNativeTarget;
			buildConfigurationList = 79F0FE3B2A653557000FE9BE /* Build configuration list for PBXNativeTarget "DemoUITests" */;
			buildPhases = (
				79F0FE272A653557000FE9BE /* Sources */,
				79F0FE282A653557000FE9BE /* Frameworks */,
				79F0FE292A653557000FE9BE /* Resources */,
			);
			buildRules = (
			);
			dependencies = (
				79F0FE2D2A653557000FE9BE /* PBXTargetDependency */,
			);
			name = DemoUITests;
			productName = DemoUITests;
			productReference = 79F0FE2B2A653557000FE9BE /* DemoUITests.xctest */;
			productType = "com.apple.product-type.bundle.ui-testing";
		};
/* End PBXNativeTarget section */

/* Begin PBXProject section */
		79F0FE092A653555000FE9BE /* Project object */ = {
			isa = PBXProject;
			attributes = {
				BuildIndependentTargetsInParallel = 1;
				LastSwiftUpdateCheck = 1420;
				LastUpgradeCheck = 1420;
				TargetAttributes = {
					79F0FE102A653555000FE9BE = {
						CreatedOnToolsVersion = 14.2;
					};
					79F0FE202A653557000FE9BE = {
						CreatedOnToolsVersion = 14.2;
						TestTargetID = 79F0FE102A653555000FE9BE;
					};
					79F0FE2A2A653557000FE9BE = {
						CreatedOnToolsVersion = 14.2;
						TestTargetID = 79F0FE102A653555000FE9BE;
					};
				};
			};
			buildConfigurationList = 79F0FE0C2A653555000FE9BE /* Build configuration list for PBXProject "Demo" */;
			compatibilityVersion = "Xcode 14.0";
			developmentRegion = en;
			hasScannedForEncodings = 0;
			knownRegions = (
				en,
				Base,
				ja,
			);
			mainGroup = 79F0FE082A653555000FE9BE;
			productRefGroup = 79F0FE122A653555000FE9BE /* Products */;
			projectDirPath = "";
			projectRoot = "";
			targets = (
				79F0FE102A653555000FE9BE /* Demo */,
				79F0FE202A653557000FE9BE /* DemoTests */,
				79F0FE2A2A653557000FE9BE /* DemoUITests */,
			);
		};
/* End PBXProject section */

/* Begin PBXResourcesBuildPhase section */
		79F0FE0F2A653555000FE9BE /* Resources */ = {
			isa = PBXResourcesBuildPhase;
			buildActionMask = 2147483647;
			files = (
				79F0FE722A65DB62000FE9BE /* Localizable.strings in Resources */,
				79F0FE6C2A65A42C000FE9BE /* items.json in Resources */,
				79F0FE522A656B12000FE9BE /* Launch Screen.storyboard in Resources */,
				79F0FE1C2A653557000FE9BE /* Preview Assets.xcassets in Resources */,
				79F0FE192A653557000FE9BE /* Assets.xcassets in Resources */,
			);
			runOnlyForDeploymentPostprocessing = 0;
		};
		79F0FE1F2A653557000FE9BE /* Resources */ = {
			isa = PBXResourcesBuildPhase;
			buildActionMask = 2147483647;
			files = (
			);
			runOnlyForDeploymentPostprocessing = 0;
		};
		79F0FE292A653557000FE9BE /* Resources */ = {
			isa = PBXResourcesBuildPhase;
			buildActionMask = 2147483647;
			files = (
			);
			runOnlyForDeploymentPostprocessing = 0;
		};
/* End PBXResourcesBuildPhase section */

/* Begin PBXSourcesBuildPhase section */
		79F0FE0D2A653555000FE9BE /* Sources */ = {
			isa = PBXSourcesBuildPhase;
			buildActionMask = 2147483647;
			files = (
				79F0FE462A653BD9000FE9BE /* Store.swift in Sources */,
				79F0FE7A2A664A84000FE9BE /* ActivityIndicator.swift in Sources */,
				79F0FE552A65816E000FE9BE /* HomeView.swift in Sources */,
				79F0FE492A653E88000FE9BE /* Reducer.swift in Sources */,
				79F0FE6E2A65B0EF000FE9BE /* DetailView.swift in Sources */,
				79F0FE662A659F8A000FE9BE /* HomeAPIMiddleware.swift in Sources */,
				79F0FE152A653555000FE9BE /* DemoApp.swift in Sources */,
				79F0FE5A2A6597E0000FE9BE /* HomeState.swift in Sources */,
				79F0FE692A65A1DB000FE9BE /* HomeAPIRepository.swift in Sources */,
				79F0FE632A6598D7000FE9BE /* HomeAction.swift in Sources */,
				79F0FE572A658DEB000FE9BE /* ItemView.swift in Sources */,
				79F0FE602A659895000FE9BE /* HomeStore.swift in Sources */,
				79F0FE502A6563B7000FE9BE /* Item.swift in Sources */,
				79F0FE4C2A653FCD000FE9BE /* Middleware.swift in Sources */,
				79F0FE5D2A65984B000FE9BE /* HomeReducer.swift in Sources */,
			);
			runOnlyForDeploymentPostprocessing = 0;
		};
		79F0FE1D2A653557000FE9BE /* Sources */ = {
			isa = PBXSourcesBuildPhase;
			buildActionMask = 2147483647;
			files = (
				79F0FE782A6644E1000FE9BE /* HomeStoreTest.swift in Sources */,
				79F0FE262A653557000FE9BE /* DemoTests.swift in Sources */,
			);
			runOnlyForDeploymentPostprocessing = 0;
		};
		79F0FE272A653557000FE9BE /* Sources */ = {
			isa = PBXSourcesBuildPhase;
			buildActionMask = 2147483647;
			files = (
				79F0FE302A653557000FE9BE /* DemoUITests.swift in Sources */,
				79F0FE322A653557000FE9BE /* DemoUITestsLaunchTests.swift in Sources */,
			);
			runOnlyForDeploymentPostprocessing = 0;
		};
/* End PBXSourcesBuildPhase section */

/* Begin PBXTargetDependency section */
		79F0FE232A653557000FE9BE /* PBXTargetDependency */ = {
			isa = PBXTargetDependency;
			target = 79F0FE102A653555000FE9BE /* Demo */;
			targetProxy = 79F0FE222A653557000FE9BE /* PBXContainerItemProxy */;
		};
		79F0FE2D2A653557000FE9BE /* PBXTargetDependency */ = {
			isa = PBXTargetDependency;
			target = 79F0FE102A653555000FE9BE /* Demo */;
			targetProxy = 79F0FE2C2A653557000FE9BE /* PBXContainerItemProxy */;
		};
/* End PBXTargetDependency section */

/* Begin PBXVariantGroup section */
		79F0FE742A65DB62000FE9BE /* Localizable.strings */ = {
			isa = PBXVariantGroup;
			children = (
				79F0FE732A65DB62000FE9BE /* en */,
				79F0FE752A65DB68000FE9BE /* ja */,
			);
			name = Localizable.strings;
			sourceTree = "<group>";
		};
/* End PBXVariantGroup section */

/* Begin XCBuildConfiguration section */
		79F0FE332A653557000FE9BE /* Debug */ = {
			isa = XCBuildConfiguration;
			buildSettings = {
				ALWAYS_SEARCH_USER_PATHS = NO;
				CLANG_ANALYZER_NONNULL = YES;
				CLANG_ANALYZER_NUMBER_OBJECT_CONVERSION = YES_AGGRESSIVE;
				CLANG_CXX_LANGUAGE_STANDARD = "gnu++20";
				CLANG_ENABLE_MODULES = YES;
				CLANG_ENABLE_OBJC_ARC = YES;
				CLANG_ENABLE_OBJC_WEAK = YES;
				CLANG_WARN_BLOCK_CAPTURE_AUTORELEASING = YES;
				CLANG_WARN_BOOL_CONVERSION = YES;
				CLANG_WARN_COMMA = YES;
				CLANG_WARN_CONSTANT_CONVERSION = YES;
				CLANG_WARN_DEPRECATED_OBJC_IMPLEMENTATIONS = YES;
				CLANG_WARN_DIRECT_OBJC_ISA_USAGE = YES_ERROR;
				CLANG_WARN_DOCUMENTATION_COMMENTS = YES;
				CLANG_WARN_EMPTY_BODY = YES;
				CLANG_WARN_ENUM_CONVERSION = YES;
				CLANG_WARN_INFINITE_RECURSION = YES;
				CLANG_WARN_INT_CONVERSION = YES;
				CLANG_WARN_NON_LITERAL_NULL_CONVERSION = YES;
				CLANG_WARN_OBJC_IMPLICIT_RETAIN_SELF = YES;
				CLANG_WARN_OBJC_LITERAL_CONVERSION = YES;
				CLANG_WARN_OBJC_ROOT_CLASS = YES_ERROR;
				CLANG_WARN_QUOTED_INCLUDE_IN_FRAMEWORK_HEADER = YES;
				CLANG_WARN_RANGE_LOOP_ANALYSIS = YES;
				CLANG_WARN_STRICT_PROTOTYPES = YES;
				CLANG_WARN_SUSPICIOUS_MOVE = YES;
				CLANG_WARN_UNGUARDED_AVAILABILITY = YES_AGGRESSIVE;
				CLANG_WARN_UNREACHABLE_CODE = YES;
				CLANG_WARN__DUPLICATE_METHOD_MATCH = YES;
				COPY_PHASE_STRIP = NO;
				DEBUG_INFORMATION_FORMAT = dwarf;
				ENABLE_STRICT_OBJC_MSGSEND = YES;
				ENABLE_TESTABILITY = YES;
				GCC_C_LANGUAGE_STANDARD = gnu11;
				GCC_DYNAMIC_NO_PIC = NO;
				GCC_NO_COMMON_BLOCKS = YES;
				GCC_OPTIMIZATION_LEVEL = 0;
				GCC_PREPROCESSOR_DEFINITIONS = (
					"DEBUG=1",
					"$(inherited)",
				);
				GCC_WARN_64_TO_32_BIT_CONVERSION = YES;
				GCC_WARN_ABOUT_RETURN_TYPE = YES_ERROR;
				GCC_WARN_UNDECLARED_SELECTOR = YES;
				GCC_WARN_UNINITIALIZED_AUTOS = YES_AGGRESSIVE;
				GCC_WARN_UNUSED_FUNCTION = YES;
				GCC_WARN_UNUSED_VARIABLE = YES;
				IPHONEOS_DEPLOYMENT_TARGET = 16.2;
				MTL_ENABLE_DEBUG_INFO = INCLUDE_SOURCE;
				MTL_FAST_MATH = YES;
				ONLY_ACTIVE_ARCH = YES;
				SDKROOT = iphoneos;
				SWIFT_ACTIVE_COMPILATION_CONDITIONS = DEBUG;
				SWIFT_OPTIMIZATION_LEVEL = "-Onone";
			};
			name = Debug;
		};
		79F0FE342A653557000FE9BE /* Release */ = {
			isa = XCBuildConfiguration;
			buildSettings = {
				ALWAYS_SEARCH_USER_PATHS = NO;
				CLANG_ANALYZER_NONNULL = YES;
				CLANG_ANALYZER_NUMBER_OBJECT_CONVERSION = YES_AGGRESSIVE;
				CLANG_CXX_LANGUAGE_STANDARD = "gnu++20";
				CLANG_ENABLE_MODULES = YES;
				CLANG_ENABLE_OBJC_ARC = YES;
				CLANG_ENABLE_OBJC_WEAK = YES;
				CLANG_WARN_BLOCK_CAPTURE_AUTORELEASING = YES;
				CLANG_WARN_BOOL_CONVERSION = YES;
				CLANG_WARN_COMMA = YES;
				CLANG_WARN_CONSTANT_CONVERSION = YES;
				CLANG_WARN_DEPRECATED_OBJC_IMPLEMENTATIONS = YES;
				CLANG_WARN_DIRECT_OBJC_ISA_USAGE = YES_ERROR;
				CLANG_WARN_DOCUMENTATION_COMMENTS = YES;
				CLANG_WARN_EMPTY_BODY = YES;
				CLANG_WARN_ENUM_CONVERSION = YES;
				CLANG_WARN_INFINITE_RECURSION = YES;
				CLANG_WARN_INT_CONVERSION = YES;
				CLANG_WARN_NON_LITERAL_NULL_CONVERSION = YES;
				CLANG_WARN_OBJC_IMPLICIT_RETAIN_SELF = YES;
				CLANG_WARN_OBJC_LITERAL_CONVERSION = YES;
				CLANG_WARN_OBJC_ROOT_CLASS = YES_ERROR;
				CLANG_WARN_QUOTED_INCLUDE_IN_FRAMEWORK_HEADER = YES;
				CLANG_WARN_RANGE_LOOP_ANALYSIS = YES;
				CLANG_WARN_STRICT_PROTOTYPES = YES;
				CLANG_WARN_SUSPICIOUS_MOVE = YES;
				CLANG_WARN_UNGUARDED_AVAILABILITY = YES_AGGRESSIVE;
				CLANG_WARN_UNREACHABLE_CODE = YES;
				CLANG_WARN__DUPLICATE_METHOD_MATCH = YES;
				COPY_PHASE_STRIP = NO;
				DEBUG_INFORMATION_FORMAT = "dwarf-with-dsym";
				ENABLE_NS_ASSERTIONS = NO;
				ENABLE_STRICT_OBJC_MSGSEND = YES;
				GCC_C_LANGUAGE_STANDARD = gnu11;
				GCC_NO_COMMON_BLOCKS = YES;
				GCC_WARN_64_TO_32_BIT_CONVERSION = YES;
				GCC_WARN_ABOUT_RETURN_TYPE = YES_ERROR;
				GCC_WARN_UNDECLARED_SELECTOR = YES;
				GCC_WARN_UNINITIALIZED_AUTOS = YES_AGGRESSIVE;
				GCC_WARN_UNUSED_FUNCTION = YES;
				GCC_WARN_UNUSED_VARIABLE = YES;
				IPHONEOS_DEPLOYMENT_TARGET = 16.2;
				MTL_ENABLE_DEBUG_INFO = NO;
				MTL_FAST_MATH = YES;
				SDKROOT = iphoneos;
				SWIFT_COMPILATION_MODE = wholemodule;
				SWIFT_OPTIMIZATION_LEVEL = "-O";
				VALIDATE_PRODUCT = YES;
			};
			name = Release;
		};
		79F0FE362A653557000FE9BE /* Debug */ = {
			isa = XCBuildConfiguration;
			buildSettings = {
				ASSETCATALOG_COMPILER_APPICON_NAME = AppIcon;
				ASSETCATALOG_COMPILER_GLOBAL_ACCENT_COLOR_NAME = AccentColor;
				CODE_SIGN_STYLE = Automatic;
				CURRENT_PROJECT_VERSION = 1;
				DEVELOPMENT_ASSET_PATHS = "\"Demo/Preview Content\"";
				DEVELOPMENT_TEAM = GRC6RNJDV7;
				ENABLE_PREVIEWS = YES;
				GENERATE_INFOPLIST_FILE = YES;
				INFOPLIST_KEY_UIApplicationSceneManifest_Generation = YES;
				INFOPLIST_KEY_UIApplicationSupportsIndirectInputEvents = YES;
				INFOPLIST_KEY_UILaunchScreen_Generation = YES;
				INFOPLIST_KEY_UILaunchStoryboardName = "Launch Screen.storyboard";
				INFOPLIST_KEY_UISupportedInterfaceOrientations_iPad = "UIInterfaceOrientationPortrait UIInterfaceOrientationPortraitUpsideDown UIInterfaceOrientationLandscapeLeft UIInterfaceOrientationLandscapeRight";
				INFOPLIST_KEY_UISupportedInterfaceOrientations_iPhone = "UIInterfaceOrientationPortrait UIInterfaceOrientationLandscapeLeft UIInterfaceOrientationLandscapeRight";
				LD_RUNPATH_SEARCH_PATHS = (
					"$(inherited)",
					"@executable_path/Frameworks",
				);
				MARKETING_VERSION = 1.0;
				PRODUCT_BUNDLE_IDENTIFIER = com.ruby109.Demo;
				PRODUCT_NAME = "$(TARGET_NAME)";
				SWIFT_EMIT_LOC_STRINGS = YES;
				SWIFT_VERSION = 5.0;
				TARGETED_DEVICE_FAMILY = "1,2";
			};
			name = Debug;
		};
		79F0FE372A653557000FE9BE /* Release */ = {
			isa = XCBuildConfiguration;
			buildSettings = {
				ASSETCATALOG_COMPILER_APPICON_NAME = AppIcon;
				ASSETCATALOG_COMPILER_GLOBAL_ACCENT_COLOR_NAME = AccentColor;
				CODE_SIGN_STYLE = Automatic;
				CURRENT_PROJECT_VERSION = 1;
				DEVELOPMENT_ASSET_PATHS = "\"Demo/Preview Content\"";
				DEVELOPMENT_TEAM = GRC6RNJDV7;
				ENABLE_PREVIEWS = YES;
				GENERATE_INFOPLIST_FILE = YES;
				INFOPLIST_KEY_UIApplicationSceneManifest_Generation = YES;
				INFOPLIST_KEY_UIApplicationSupportsIndirectInputEvents = YES;
				INFOPLIST_KEY_UILaunchScreen_Generation = YES;
				INFOPLIST_KEY_UILaunchStoryboardName = "Launch Screen.storyboard";
				INFOPLIST_KEY_UISupportedInterfaceOrientations_iPad = "UIInterfaceOrientationPortrait UIInterfaceOrientationPortraitUpsideDown UIInterfaceOrientationLandscapeLeft UIInterfaceOrientationLandscapeRight";
				INFOPLIST_KEY_UISupportedInterfaceOrientations_iPhone = "UIInterfaceOrientationPortrait UIInterfaceOrientationLandscapeLeft UIInterfaceOrientationLandscapeRight";
				LD_RUNPATH_SEARCH_PATHS = (
					"$(inherited)",
					"@executable_path/Frameworks",
				);
				MARKETING_VERSION = 1.0;
				PRODUCT_BUNDLE_IDENTIFIER = com.ruby109.Demo;
				PRODUCT_NAME = "$(TARGET_NAME)";
				SWIFT_EMIT_LOC_STRINGS = YES;
				SWIFT_VERSION = 5.0;
				TARGETED_DEVICE_FAMILY = "1,2";
			};
			name = Release;
		};
		79F0FE392A653557000FE9BE /* Debug */ = {
			isa = XCBuildConfiguration;
			buildSettings = {
				ALWAYS_EMBED_SWIFT_STANDARD_LIBRARIES = YES;
				BUNDLE_LOADER = "$(TEST_HOST)";
				CODE_SIGN_STYLE = Automatic;
				CURRENT_PROJECT_VERSION = 1;
				DEVELOPMENT_TEAM = GRC6RNJDV7;
				GENERATE_INFOPLIST_FILE = YES;
				IPHONEOS_DEPLOYMENT_TARGET = 16.2;
				MARKETING_VERSION = 1.0;
				PRODUCT_BUNDLE_IDENTIFIER = com.ruby109.DemoTests;
				PRODUCT_NAME = "$(TARGET_NAME)";
				SWIFT_EMIT_LOC_STRINGS = NO;
				SWIFT_VERSION = 5.0;
				TARGETED_DEVICE_FAMILY = "1,2";
				TEST_HOST = "$(BUILT_PRODUCTS_DIR)/Demo.app/$(BUNDLE_EXECUTABLE_FOLDER_PATH)/Demo";
			};
			name = Debug;
		};
		79F0FE3A2A653557000FE9BE /* Release */ = {
			isa = XCBuildConfiguration;
			buildSettings = {
				ALWAYS_EMBED_SWIFT_STANDARD_LIBRARIES = YES;
				BUNDLE_LOADER = "$(TEST_HOST)";
				CODE_SIGN_STYLE = Automatic;
				CURRENT_PROJECT_VERSION = 1;
				DEVELOPMENT_TEAM = GRC6RNJDV7;
				GENERATE_INFOPLIST_FILE = YES;
				IPHONEOS_DEPLOYMENT_TARGET = 16.2;
				MARKETING_VERSION = 1.0;
				PRODUCT_BUNDLE_IDENTIFIER = com.ruby109.DemoTests;
				PRODUCT_NAME = "$(TARGET_NAME)";
				SWIFT_EMIT_LOC_STRINGS = NO;
				SWIFT_VERSION = 5.0;
				TARGETED_DEVICE_FAMILY = "1,2";
				TEST_HOST = "$(BUILT_PRODUCTS_DIR)/Demo.app/$(BUNDLE_EXECUTABLE_FOLDER_PATH)/Demo";
			};
			name = Release;
		};
		79F0FE3C2A653557000FE9BE /* Debug */ = {
			isa = XCBuildConfiguration;
			buildSettings = {
				ALWAYS_EMBED_SWIFT_STANDARD_LIBRARIES = YES;
				CODE_SIGN_STYLE = Automatic;
				CURRENT_PROJECT_VERSION = 1;
				DEVELOPMENT_TEAM = GRC6RNJDV7;
				GENERATE_INFOPLIST_FILE = YES;
				MARKETING_VERSION = 1.0;
				PRODUCT_BUNDLE_IDENTIFIER = com.ruby109.DemoUITests;
				PRODUCT_NAME = "$(TARGET_NAME)";
				SWIFT_EMIT_LOC_STRINGS = NO;
				SWIFT_VERSION = 5.0;
				TARGETED_DEVICE_FAMILY = "1,2";
				TEST_TARGET_NAME = Demo;
			};
			name = Debug;
		};
		79F0FE3D2A653557000FE9BE /* Release */ = {
			isa = XCBuildConfiguration;
			buildSettings = {
				ALWAYS_EMBED_SWIFT_STANDARD_LIBRARIES = YES;
				CODE_SIGN_STYLE = Automatic;
				CURRENT_PROJECT_VERSION = 1;
				DEVELOPMENT_TEAM = GRC6RNJDV7;
				GENERATE_INFOPLIST_FILE = YES;
				MARKETING_VERSION = 1.0;
				PRODUCT_BUNDLE_IDENTIFIER = com.ruby109.DemoUITests;
				PRODUCT_NAME = "$(TARGET_NAME)";
				SWIFT_EMIT_LOC_STRINGS = NO;
				SWIFT_VERSION = 5.0;
				TARGETED_DEVICE_FAMILY = "1,2";
				TEST_TARGET_NAME = Demo;
			};
			name = Release;
		};
/* End XCBuildConfiguration section */

/* Begin XCConfigurationList section */
		79F0FE0C2A653555000FE9BE /* Build configuration list for PBXProject "Demo" */ = {
			isa = XCConfigurationList;
			buildConfigurations = (
				79F0FE332A653557000FE9BE /* Debug */,
				79F0FE342A653557000FE9BE /* Release */,
			);
			defaultConfigurationIsVisible = 0;
			defaultConfigurationName = Release;
		};
		79F0FE352A653557000FE9BE /* Build configuration list for PBXNativeTarget "Demo" */ = {
			isa = XCConfigurationList;
			buildConfigurations = (
				79F0FE362A653557000FE9BE /* Debug */,
				79F0FE372A653557000FE9BE /* Release */,
			);
			defaultConfigurationIsVisible = 0;
			defaultConfigurationName = Release;
		};
		79F0FE382A653557000FE9BE /* Build configuration list for PBXNativeTarget "DemoTests" */ = {
			isa = XCConfigurationList;
			buildConfigurations = (
				79F0FE392A653557000FE9BE /* Debug */,
				79F0FE3A2A653557000FE9BE /* Release */,
			);
			defaultConfigurationIsVisible = 0;
			defaultConfigurationName = Release;
		};
		79F0FE3B2A653557000FE9BE /* Build configuration list for PBXNativeTarget "DemoUITests" */ = {
			isa = XCConfigurationList;
			buildConfigurations = (
				79F0FE3C2A653557000FE9BE /* Debug */,
				79F0FE3D2A653557000FE9BE /* Release */,
			);
			defaultConfigurationIsVisible = 0;
			defaultConfigurationName = Release;
		};
/* End XCConfigurationList section */
	};
	rootObject = 79F0FE092A653555000FE9BE /* Project object */;
}
